
Microsoft Visual Studio Solution File, Format Version 12.00
# Visual Studio Version 17
VisualStudioVersion = 17.5.002.0
MinimumVisualStudioVersion = 10.0.40219.1
Project("{9A19103F-16F7-4668-BE54-9A1E7A4F7556}") = "Api", "Api\Api.csproj", "{196690BB-78B5-472B-82A8-DDA02F3FCDF0}"
EndProject
Global
	GlobalSection(SolutionConfigurationPlatforms) = preSolution
		Debug|Any CPU = Debug|Any CPU
		Release|Any CPU = Release|Any CPU
	EndGlobalSection
	GlobalSection(ProjectConfigurationPlatforms) = postSolution
		{196690BB-78B5-472B-82A8-DDA02F3FCDF0}.Debug|Any CPU.ActiveCfg = Debug|Any CPU
		{196690BB-78B5-472B-82A8-DDA02F3FCDF0}.Debug|Any CPU.Build.0 = Debug|Any CPU
		{196690BB-78B5-472B-82A8-DDA02F3FCDF0}.Release|Any CPU.ActiveCfg = Release|Any CPU
		{196690BB-78B5-472B-82A8-DDA02F3FCDF0}.Release|Any CPU.Build.0 = Release|Any CPU
	EndGlobalSection
	GlobalSection(SolutionProperties) = preSolution
		HideSolutionNode = FALSE
	EndGlobalSection
	GlobalSection(ExtensibilityGlobals) = postSolution
		SolutionGuid = {354FD40F-9853-4A27-A63D-2E46E7E045D3}
	EndGlobalSection
EndGlobal
